
Microsoft Visual Studio Solution File, Format Version 12.00
# Visual Studio Version 16
VisualStudioVersion = 16.0.31702.278
MinimumVisualStudioVersion = 10.0.40219.1
Project("{FAE04EC0-301F-11D3-BF4B-00C04F79EFBC}") = "color_interpolation", "color_interpolation\color_interpolation.csproj", "{F23AC9EA-77B5-4D35-BCD3-875F3E10A26C}"
EndProject
Global
	GlobalSection(SolutionConfigurationPlatforms) = preSolution
		Debug|Any CPU = Debug|Any CPU
		Release|Any CPU = Release|Any CPU
	EndGlobalSection
	GlobalSection(ProjectConfigurationPlatforms) = postSolution
		{F23AC9EA-77B5-4D35-BCD3-875F3E10A26C}.Debug|Any CPU.ActiveCfg = Debug|Any CPU
		{F23AC9EA-77B5-4D35-BCD3-875F3E10A26C}.Debug|Any CPU.Build.0 = Debug|Any CPU
		{F23AC9EA-77B5-4D35-BCD3-875F3E10A26C}.Release|Any CPU.ActiveCfg = Release|Any CPU
		{F23AC9EA-77B5-4D35-BCD3-875F3E10A26C}.Release|Any CPU.Build.0 = Release|Any CPU
	EndGlobalSection
	GlobalSection(SolutionProperties) = preSolution
		HideSolutionNode = FALSE
	EndGlobalSection
	GlobalSection(ExtensibilityGlobals) = postSolution
		SolutionGuid = {88D2C921-6336-4C5F-A087-6E70D9F1294B}
	EndGlobalSection
EndGlobal
